
Microsoft Visual Studio Solution File, Format Version 12.00
# Visual Studio Version 16
VisualStudioVersion = 16.0.31515.178
MinimumVisualStudioVersion = 10.0.40219.1
Project("{9A19103F-16F7-4668-BE54-9A1E7A4F7556}") = "ECommerceSystem", "ECommerceSystem\ECommerceSystem.csproj", "{4C8E7B84-D74B-4C85-B7BB-5BABE1E3ECD5}"
EndProject
Project("{9A19103F-16F7-4668-BE54-9A1E7A4F7556}") = "ECommerceSystem.Training", "ECommerceSystem.Training\ECommerceSystem.Training.csproj", "{4D3C4E0F-A447-45D9-B910-A5DCCC97CD5B}"
EndProject
Project("{9A19103F-16F7-4668-BE54-9A1E7A4F7556}") = "ECommerceSystem.Data", "ECommerceSystem.Data\ECommerceSystem.Data.csproj", "{1F29F4CF-6223-4D79-9FBC-F95867002A63}"
EndProject
Project("{9A19103F-16F7-4668-BE54-9A1E7A4F7556}") = "ECommerceSystem.Common", "ECommerceSystem.Common\ECommerceSystem.Common.csproj", "{0AFC4E10-4288-49B3-955A-1E2874C419C2}"
EndProject
Project("{FAE04EC0-301F-11D3-BF4B-00C04F79EFBC}") = "ECommerceSystem.Membership", "ECommerceSystem.Membership\ECommerceSystem.Membership.csproj", "{7FBD7C68-8D60-4522-8B73-1318A0656C73}"
EndProject
Global
	GlobalSection(SolutionConfigurationPlatforms) = preSolution
		Debug|Any CPU = Debug|Any CPU
		Release|Any CPU = Release|Any CPU
	EndGlobalSection
	GlobalSection(ProjectConfigurationPlatforms) = postSolution
		{4C8E7B84-D74B-4C85-B7BB-5BABE1E3ECD5}.Debug|Any CPU.ActiveCfg = Debug|Any CPU
		{4C8E7B84-D74B-4C85-B7BB-5BABE1E3ECD5}.Debug|Any CPU.Build.0 = Debug|Any CPU
		{4C8E7B84-D74B-4C85-B7BB-5BABE1E3ECD5}.Release|Any CPU.ActiveCfg = Release|Any CPU
		{4C8E7B84-D74B-4C85-B7BB-5BABE1E3ECD5}.Release|Any CPU.Build.0 = Release|Any CPU
		{4D3C4E0F-A447-45D9-B910-A5DCCC97CD5B}.Debug|Any CPU.ActiveCfg = Debug|Any CPU
		{4D3C4E0F-A447-45D9-B910-A5DCCC97CD5B}.Debug|Any CPU.Build.0 = Debug|Any CPU
		{4D3C4E0F-A447-45D9-B910-A5DCCC97CD5B}.Release|Any CPU.ActiveCfg = Release|Any CPU
		{4D3C4E0F-A447-45D9-B910-A5DCCC97CD5B}.Release|Any CPU.Build.0 = Release|Any CPU
		{1F29F4CF-6223-4D79-9FBC-F95867002A63}.Debug|Any CPU.ActiveCfg = Debug|Any CPU
		{1F29F4CF-6223-4D79-9FBC-F95867002A63}.Debug|Any CPU.Build.0 = Debug|Any CPU
		{1F29F4CF-6223-4D79-9FBC-F95867002A63}.Release|Any CPU.ActiveCfg = Release|Any CPU
		{1F29F4CF-6223-4D79-9FBC-F95867002A63}.Release|Any CPU.Build.0 = Release|Any CPU
		{0AFC4E10-4288-49B3-955A-1E2874C419C2}.Debug|Any CPU.ActiveCfg = Debug|Any CPU
		{0AFC4E10-4288-49B3-955A-1E2874C419C2}.Debug|Any CPU.Build.0 = Debug|Any CPU
		{0AFC4E10-4288-49B3-955A-1E2874C419C2}.Release|Any CPU.ActiveCfg = Release|Any CPU
		{0AFC4E10-4288-49B3-955A-1E2874C419C2}.Release|Any CPU.Build.0 = Release|Any CPU
		{7FBD7C68-8D60-4522-8B73-1318A0656C73}.Debug|Any CPU.ActiveCfg = Debug|Any CPU
		{7FBD7C68-8D60-4522-8B73-1318A0656C73}.Debug|Any CPU.Build.0 = Debug|Any CPU
		{7FBD7C68-8D60-4522-8B73-1318A0656C73}.Release|Any CPU.ActiveCfg = Release|Any CPU
		{7FBD7C68-8D60-4522-8B73-1318A0656C73}.Release|Any CPU.Build.0 = Release|Any CPU
	EndGlobalSection
	GlobalSection(SolutionProperties) = preSolution
		HideSolutionNode = FALSE
	EndGlobalSection
	GlobalSection(ExtensibilityGlobals) = postSolution
		SolutionGuid = {94F7171E-B760-48B8-9323-B11873D5D21C}
	EndGlobalSection
EndGlobal
